
Microsoft Visual Studio Solution File, Format Version 12.00
# Visual Studio 15
VisualStudioVersion = 15.0.27428.2011
MinimumVisualStudioVersion = 10.0.40219.1
Project("{FAE04EC0-301F-11D3-BF4B-00C04F79EFBC}") = "Adr", "Adr\Adr.csproj", "{23D38A68-F354-4BFE-A70E-C6B9632BFECB}"
EndProject
Project("{FAE04EC0-301F-11D3-BF4B-00C04F79EFBC}") = "DbLayer", "DbLayer\DbLayer.csproj", "{33E67A07-9BAE-4941-9AB0-8096514C4C02}"
EndProject
Global
	GlobalSection(SolutionConfigurationPlatforms) = preSolution
		Debug|Any CPU = Debug|Any CPU
		Release|Any CPU = Release|Any CPU
	EndGlobalSection
	GlobalSection(ProjectConfigurationPlatforms) = postSolution
		{23D38A68-F354-4BFE-A70E-C6B9632BFECB}.Debug|Any CPU.ActiveCfg = Debug|Any CPU
		{23D38A68-F354-4BFE-A70E-C6B9632BFECB}.Debug|Any CPU.Build.0 = Debug|Any CPU
		{23D38A68-F354-4BFE-A70E-C6B9632BFECB}.Release|Any CPU.ActiveCfg = Release|Any CPU
		{23D38A68-F354-4BFE-A70E-C6B9632BFECB}.Release|Any CPU.Build.0 = Release|Any CPU
		{33E67A07-9BAE-4941-9AB0-8096514C4C02}.Debug|Any CPU.ActiveCfg = Debug|Any CPU
		{33E67A07-9BAE-4941-9AB0-8096514C4C02}.Debug|Any CPU.Build.0 = Debug|Any CPU
		{33E67A07-9BAE-4941-9AB0-8096514C4C02}.Release|Any CPU.ActiveCfg = Release|Any CPU
		{33E67A07-9BAE-4941-9AB0-8096514C4C02}.Release|Any CPU.Build.0 = Release|Any CPU
	EndGlobalSection
	GlobalSection(SolutionProperties) = preSolution
		HideSolutionNode = FALSE
	EndGlobalSection
	GlobalSection(ExtensibilityGlobals) = postSolution
		SolutionGuid = {31927ED1-4FBC-49BE-A2E9-F5B7B05BA3AF}
	EndGlobalSection
EndGlobal
